
Microsoft Visual Studio Solution File, Format Version 12.00
# Visual Studio Version 17
VisualStudioVersion = 17.9.34723.18
MinimumVisualStudioVersion = 10.0.40219.1
Project("{FAE04EC0-301F-11D3-BF4B-00C04F79EFBC}") = "StudentAPI", "StudentAPI.csproj", "{FF0934EF-70F1-4E82-8618-A9F933AC49FE}"
EndProject
Global
	GlobalSection(SolutionConfigurationPlatforms) = preSolution
		Debug|Any CPU = Debug|Any CPU
		Release|Any CPU = Release|Any CPU
	EndGlobalSection
	GlobalSection(ProjectConfigurationPlatforms) = postSolution
		{FF0934EF-70F1-4E82-8618-A9F933AC49FE}.Debug|Any CPU.ActiveCfg = Debug|Any CPU
		{FF0934EF-70F1-4E82-8618-A9F933AC49FE}.Debug|Any CPU.Build.0 = Debug|Any CPU
		{FF0934EF-70F1-4E82-8618-A9F933AC49FE}.Release|Any CPU.ActiveCfg = Release|Any CPU
		{FF0934EF-70F1-4E82-8618-A9F933AC49FE}.Release|Any CPU.Build.0 = Release|Any CPU
	EndGlobalSection
	GlobalSection(SolutionProperties) = preSolution
		HideSolutionNode = FALSE
	EndGlobalSection
	GlobalSection(ExtensibilityGlobals) = postSolution
		SolutionGuid = {C680862D-E05F-4A4E-A858-235D2D39C4EB}
	EndGlobalSection
EndGlobal
